
Microsoft Visual Studio Solution File, Format Version 12.00
# Visual Studio Version 17
VisualStudioVersion = 17.12.35527.113
MinimumVisualStudioVersion = 10.0.40219.1
Project("{FAE04EC0-301F-11D3-BF4B-00C04F79EFBC}") = "DemonstrationOfSoftwareOnCs", "src\DemonstrationOfSoftware\DemonstrationOfSoftwareOnCs\DemonstrationOfSoftwareOnCs.csproj", "{C6840D91-6DD7-4061-89AE-48BBB54BE964}"
EndProject
Project("{FAE04EC0-301F-11D3-BF4B-00C04F79EFBC}") = "AlgorithmsAndDataStructuresProblemSolutionsOnCs", "src\AlgorithmsAndDataStructuresProblemSolutions\AlgorithmsAndDataStructuresProblemSolutionsOnCs\AlgorithmsAndDataStructuresProblemSolutionsOnCs.csproj", "{735C69AC-F929-4690-A72F-DA8AC0AAECC9}"
EndProject
Project("{FAE04EC0-301F-11D3-BF4B-00C04F79EFBC}") = "MyDataStructuresOnCs", "src\MyDataStructures\MyDataStructuresOnCs\MyDataStructuresOnCs.csproj", "{AF00D253-B426-4148-8CDD-6055B592FC9A}"
EndProject
Project("{FAE04EC0-301F-11D3-BF4B-00C04F79EFBC}") = "AlgorithmsAndDataStructuresProblemSolutionsOnCsTests", "tests\TestsForProblemSolutionsOnCs\AlgorithmsAndDataStructuresProblemSolutionsOnCsTests.csproj", "{0ADBAC09-C6AE-46EC-B4E8-CF4731A095B0}"
EndProject
Project("{FAE04EC0-301F-11D3-BF4B-00C04F79EFBC}") = "MyDataStructuresOnCsTests", "tests\MyDataStructuresOnCsTests\MyDataStructuresOnCsTests.csproj", "{088A88A7-4F81-406C-AE54-5E9C82509C9F}"
EndProject
Global
	GlobalSection(SolutionConfigurationPlatforms) = preSolution
		Debug|Any CPU = Debug|Any CPU
		Release|Any CPU = Release|Any CPU
	EndGlobalSection
	GlobalSection(ProjectConfigurationPlatforms) = postSolution
		{C6840D91-6DD7-4061-89AE-48BBB54BE964}.Debug|Any CPU.ActiveCfg = Debug|Any CPU
		{C6840D91-6DD7-4061-89AE-48BBB54BE964}.Debug|Any CPU.Build.0 = Debug|Any CPU
		{C6840D91-6DD7-4061-89AE-48BBB54BE964}.Release|Any CPU.ActiveCfg = Release|Any CPU
		{C6840D91-6DD7-4061-89AE-48BBB54BE964}.Release|Any CPU.Build.0 = Release|Any CPU
		{735C69AC-F929-4690-A72F-DA8AC0AAECC9}.Debug|Any CPU.ActiveCfg = Debug|Any CPU
		{735C69AC-F929-4690-A72F-DA8AC0AAECC9}.Debug|Any CPU.Build.0 = Debug|Any CPU
		{735C69AC-F929-4690-A72F-DA8AC0AAECC9}.Release|Any CPU.ActiveCfg = Release|Any CPU
		{735C69AC-F929-4690-A72F-DA8AC0AAECC9}.Release|Any CPU.Build.0 = Release|Any CPU
		{AF00D253-B426-4148-8CDD-6055B592FC9A}.Debug|Any CPU.ActiveCfg = Debug|Any CPU
		{AF00D253-B426-4148-8CDD-6055B592FC9A}.Debug|Any CPU.Build.0 = Debug|Any CPU
		{AF00D253-B426-4148-8CDD-6055B592FC9A}.Release|Any CPU.ActiveCfg = Release|Any CPU
		{AF00D253-B426-4148-8CDD-6055B592FC9A}.Release|Any CPU.Build.0 = Release|Any CPU
		{0ADBAC09-C6AE-46EC-B4E8-CF4731A095B0}.Debug|Any CPU.ActiveCfg = Debug|Any CPU
		{0ADBAC09-C6AE-46EC-B4E8-CF4731A095B0}.Debug|Any CPU.Build.0 = Debug|Any CPU
		{0ADBAC09-C6AE-46EC-B4E8-CF4731A095B0}.Release|Any CPU.ActiveCfg = Release|Any CPU
		{0ADBAC09-C6AE-46EC-B4E8-CF4731A095B0}.Release|Any CPU.Build.0 = Release|Any CPU
		{088A88A7-4F81-406C-AE54-5E9C82509C9F}.Debug|Any CPU.ActiveCfg = Debug|Any CPU
		{088A88A7-4F81-406C-AE54-5E9C82509C9F}.Debug|Any CPU.Build.0 = Debug|Any CPU
		{088A88A7-4F81-406C-AE54-5E9C82509C9F}.Release|Any CPU.ActiveCfg = Release|Any CPU
		{088A88A7-4F81-406C-AE54-5E9C82509C9F}.Release|Any CPU.Build.0 = Release|Any CPU
	EndGlobalSection
	GlobalSection(SolutionProperties) = preSolution
		HideSolutionNode = FALSE
	EndGlobalSection
EndGlobal
